Microsoft Visual Studio Solution File, Format Version 12.00
# Visual Studio 2013
VisualStudioVersion = 12.0.31101.0
MinimumVisualStudioVersion = 10.0.40219.1
Project("{FAE04EC0-301F-11D3-BF4B-00C04F79EFBC}") = "Core", "Core\Core.csproj", "{BFAF50DC-4942-46B8-8615-2A0B4CF08AD2}"
EndProject
Project("{FAE04EC0-301F-11D3-BF4B-00C04F79EFBC}") = "Neuro", "Neuro\Neuro.csproj", "{53B51230-2CD7-435B-8677-A3E24D134CD8}"
EndProject
Project("{FAE04EC0-301F-11D3-BF4B-00C04F79EFBC}") = "Controls", "Controls\Controls.csproj", "{D08F6D8A-A5F5-49C3-B607-526D9EE0DEE3}"
EndProject
Project("{FAE04EC0-301F-11D3-BF4B-00C04F79EFBC}") = "MikeLab_DissociativeDisorderer", "MikeLab_DissociativeDisorderer\MikeLab_DissociativeDisorderer.csproj", "{E9A14320-BC52-4532-9BD3-21FF7B68B767}"
EndProject
Project("{FAE04EC0-301F-11D3-BF4B-00C04F79EFBC}") = "MikeLab_MicroJSON_NETF", "MikeLab_MicroJSON_NETF\MikeLab_MicroJSON_NETF.csproj", "{126F3F67-1310-4FBE-983E-822A7965C644}"
EndProject
Project("{FAE04EC0-301F-11D3-BF4B-00C04F79EFBC}") = "MikeLab_MicroJSON_NETMF", "MikeLab_MicroJSON_NETMF\MikeLab_MicroJSON_NETMF.csproj", "{AF6AFD39-1D9C-4B3D-8EC1-F51E0330C6D3}"
EndProject
Project("{FAE04EC0-301F-11D3-BF4B-00C04F79EFBC}") = "MikeLab_Neuro_NETMF", "MikeLab_Neuro_NETMF\MikeLab_Neuro_NETMF.csproj", "{BC5847D7-779A-4644-9E18-A77FCD5BE971}"
EndProject
Project("{FAE04EC0-301F-11D3-BF4B-00C04F79EFBC}") = "MikeLab_DissociativeDisorderer_NETMF", "MikeLab_DissociativeDisorderer_NETMF\MikeLab_DissociativeDisorderer_NETMF.csproj", "{905BCA15-F74D-4FA1-90D8-34AD7A6D943F}"
EndProject
Global
	GlobalSection(SolutionConfigurationPlatforms) = preSolution
		Debug|Any CPU = Debug|Any CPU
		Release|Any CPU = Release|Any CPU
	EndGlobalSection
	GlobalSection(ProjectConfigurationPlatforms) = postSolution
		{BFAF50DC-4942-46B8-8615-2A0B4CF08AD2}.Debug|Any CPU.ActiveCfg = Debug|Any CPU
		{BFAF50DC-4942-46B8-8615-2A0B4CF08AD2}.Debug|Any CPU.Build.0 = Debug|Any CPU
		{BFAF50DC-4942-46B8-8615-2A0B4CF08AD2}.Release|Any CPU.ActiveCfg = Release|Any CPU
		{BFAF50DC-4942-46B8-8615-2A0B4CF08AD2}.Release|Any CPU.Build.0 = Release|Any CPU
		{53B51230-2CD7-435B-8677-A3E24D134CD8}.Debug|Any CPU.ActiveCfg = Debug|Any CPU
		{53B51230-2CD7-435B-8677-A3E24D134CD8}.Debug|Any CPU.Build.0 = Debug|Any CPU
		{53B51230-2CD7-435B-8677-A3E24D134CD8}.Release|Any CPU.ActiveCfg = Release|Any CPU
		{53B51230-2CD7-435B-8677-A3E24D134CD8}.Release|Any CPU.Build.0 = Release|Any CPU
		{D08F6D8A-A5F5-49C3-B607-526D9EE0DEE3}.Debug|Any CPU.ActiveCfg = Debug|Any CPU
		{D08F6D8A-A5F5-49C3-B607-526D9EE0DEE3}.Debug|Any CPU.Build.0 = Debug|Any CPU
		{D08F6D8A-A5F5-49C3-B607-526D9EE0DEE3}.Release|Any CPU.ActiveCfg = Release|Any CPU
		{D08F6D8A-A5F5-49C3-B607-526D9EE0DEE3}.Release|Any CPU.Build.0 = Release|Any CPU
		{E9A14320-BC52-4532-9BD3-21FF7B68B767}.Debug|Any CPU.ActiveCfg = Debug|Any CPU
		{E9A14320-BC52-4532-9BD3-21FF7B68B767}.Debug|Any CPU.Build.0 = Debug|Any CPU
		{E9A14320-BC52-4532-9BD3-21FF7B68B767}.Release|Any CPU.ActiveCfg = Release|Any CPU
		{E9A14320-BC52-4532-9BD3-21FF7B68B767}.Release|Any CPU.Build.0 = Release|Any CPU
		{126F3F67-1310-4FBE-983E-822A7965C644}.Debug|Any CPU.ActiveCfg = Debug|Any CPU
		{126F3F67-1310-4FBE-983E-822A7965C644}.Debug|Any CPU.Build.0 = Debug|Any CPU
		{126F3F67-1310-4FBE-983E-822A7965C644}.Release|Any CPU.ActiveCfg = Release|Any CPU
		{126F3F67-1310-4FBE-983E-822A7965C644}.Release|Any CPU.Build.0 = Release|Any CPU
		{AF6AFD39-1D9C-4B3D-8EC1-F51E0330C6D3}.Debug|Any CPU.ActiveCfg = Debug|Any CPU
		{AF6AFD39-1D9C-4B3D-8EC1-F51E0330C6D3}.Debug|Any CPU.Build.0 = Debug|Any CPU
		{AF6AFD39-1D9C-4B3D-8EC1-F51E0330C6D3}.Release|Any CPU.ActiveCfg = Release|Any CPU
		{AF6AFD39-1D9C-4B3D-8EC1-F51E0330C6D3}.Release|Any CPU.Build.0 = Release|Any CPU
		{BC5847D7-779A-4644-9E18-A77FCD5BE971}.Debug|Any CPU.ActiveCfg = Debug|Any CPU
		{BC5847D7-779A-4644-9E18-A77FCD5BE971}.Debug|Any CPU.Build.0 = Debug|Any CPU
		{BC5847D7-779A-4644-9E18-A77FCD5BE971}.Release|Any CPU.ActiveCfg = Release|Any CPU
		{BC5847D7-779A-4644-9E18-A77FCD5BE971}.Release|Any CPU.Build.0 = Release|Any CPU
		{905BCA15-F74D-4FA1-90D8-34AD7A6D943F}.Debug|Any CPU.ActiveCfg = Debug|Any CPU
		{905BCA15-F74D-4FA1-90D8-34AD7A6D943F}.Debug|Any CPU.Build.0 = Debug|Any CPU
		{905BCA15-F74D-4FA1-90D8-34AD7A6D943F}.Debug|Any CPU.Deploy.0 = Debug|Any CPU
		{905BCA15-F74D-4FA1-90D8-34AD7A6D943F}.Release|Any CPU.ActiveCfg = Release|Any CPU
		{905BCA15-F74D-4FA1-90D8-34AD7A6D943F}.Release|Any CPU.Build.0 = Release|Any CPU
		{905BCA15-F74D-4FA1-90D8-34AD7A6D943F}.Release|Any CPU.Deploy.0 = Release|Any CPU
	EndGlobalSection
	GlobalSection(SolutionProperties) = preSolution
		HideSolutionNode = FALSE
	EndGlobalSection
EndGlobal
